
Microsoft Visual Studio Solution File, Format Version 12.00
# Visual Studio Version 18
VisualStudioVersion = 18.0.11217.181
MinimumVisualStudioVersion = 10.0.40219.1
Project("{2150E333-8FDC-42A3-9474-1A3956D46DE8}") = "FrontEnd", "FrontEnd", "{02EA681E-C7D8-13C7-8484-4AC65E1B71E8}"
EndProject
Project("{2150E333-8FDC-42A3-9474-1A3956D46DE8}") = "Gateway", "Gateway", "{D11B308D-6FFC-41E1-A1EE-A2ABCF19B47A}"
EndProject
Project("{2150E333-8FDC-42A3-9474-1A3956D46DE8}") = "Integration", "Integration", "{58982BD7-618C-4FB1-B4BA-CD0A46217DD2}"
EndProject
Project("{2150E333-8FDC-42A3-9474-1A3956D46DE8}") = "Services", "Services", "{4BAC683F-4045-466E-867D-9E0F459A396C}"
EndProject
Project("{FAE04EC0-301F-11D3-BF4B-00C04F79EFBC}") = "Mango.Services.CouponAPI", "Mango.Services.CouponAPI\Mango.Services.CouponAPI.csproj", "{1DB8B0E9-38D3-4EC7-90C9-F741FF4BA8EA}"
EndProject
Project("{FAE04EC0-301F-11D3-BF4B-00C04F79EFBC}") = "Mango.Web", "Mango.Web\Mango.Web.csproj", "{2565F747-9C39-42AC-9CDE-669707CA4802}"
EndProject
Project("{FAE04EC0-301F-11D3-BF4B-00C04F79EFBC}") = "Mango.Services.AuthAPI", "Mango.Services.AuthAPI\Mango.Services.AuthAPI.csproj", "{58D6BC31-EB87-4C30-B2EF-D8DE82BACFD0}"
EndProject
Project("{FAE04EC0-301F-11D3-BF4B-00C04F79EFBC}") = "Mango.Services.ProductAPI", "Mango.Services.ProductAPI\Mango.Services.ProductAPI.csproj", "{A0296F98-BE57-4D89-8ACE-3DCD1D9DF27A}"
EndProject
Global
	GlobalSection(SolutionConfigurationPlatforms) = preSolution
		Debug|Any CPU = Debug|Any CPU
		Release|Any CPU = Release|Any CPU
	EndGlobalSection
	GlobalSection(ProjectConfigurationPlatforms) = postSolution
		{1DB8B0E9-38D3-4EC7-90C9-F741FF4BA8EA}.Debug|Any CPU.ActiveCfg = Debug|Any CPU
		{1DB8B0E9-38D3-4EC7-90C9-F741FF4BA8EA}.Debug|Any CPU.Build.0 = Debug|Any CPU
		{1DB8B0E9-38D3-4EC7-90C9-F741FF4BA8EA}.Release|Any CPU.ActiveCfg = Release|Any CPU
		{1DB8B0E9-38D3-4EC7-90C9-F741FF4BA8EA}.Release|Any CPU.Build.0 = Release|Any CPU
		{2565F747-9C39-42AC-9CDE-669707CA4802}.Debug|Any CPU.ActiveCfg = Debug|Any CPU
		{2565F747-9C39-42AC-9CDE-669707CA4802}.Debug|Any CPU.Build.0 = Debug|Any CPU
		{2565F747-9C39-42AC-9CDE-669707CA4802}.Release|Any CPU.ActiveCfg = Release|Any CPU
		{2565F747-9C39-42AC-9CDE-669707CA4802}.Release|Any CPU.Build.0 = Release|Any CPU
		{58D6BC31-EB87-4C30-B2EF-D8DE82BACFD0}.Debug|Any CPU.ActiveCfg = Debug|Any CPU
		{58D6BC31-EB87-4C30-B2EF-D8DE82BACFD0}.Debug|Any CPU.Build.0 = Debug|Any CPU
		{58D6BC31-EB87-4C30-B2EF-D8DE82BACFD0}.Release|Any CPU.ActiveCfg = Release|Any CPU
		{58D6BC31-EB87-4C30-B2EF-D8DE82BACFD0}.Release|Any CPU.Build.0 = Release|Any CPU
		{A0296F98-BE57-4D89-8ACE-3DCD1D9DF27A}.Debug|Any CPU.ActiveCfg = Debug|Any CPU
		{A0296F98-BE57-4D89-8ACE-3DCD1D9DF27A}.Debug|Any CPU.Build.0 = Debug|Any CPU
		{A0296F98-BE57-4D89-8ACE-3DCD1D9DF27A}.Release|Any CPU.ActiveCfg = Release|Any CPU
		{A0296F98-BE57-4D89-8ACE-3DCD1D9DF27A}.Release|Any CPU.Build.0 = Release|Any CPU
	EndGlobalSection
	GlobalSection(SolutionProperties) = preSolution
		HideSolutionNode = FALSE
	EndGlobalSection
	GlobalSection(NestedProjects) = preSolution
		{1DB8B0E9-38D3-4EC7-90C9-F741FF4BA8EA} = {4BAC683F-4045-466E-867D-9E0F459A396C}
		{2565F747-9C39-42AC-9CDE-669707CA4802} = {02EA681E-C7D8-13C7-8484-4AC65E1B71E8}
		{58D6BC31-EB87-4C30-B2EF-D8DE82BACFD0} = {4BAC683F-4045-466E-867D-9E0F459A396C}
		{A0296F98-BE57-4D89-8ACE-3DCD1D9DF27A} = {4BAC683F-4045-466E-867D-9E0F459A396C}
	EndGlobalSection
	GlobalSection(ExtensibilityGlobals) = postSolution
		SolutionGuid = {C8D6D424-2DA0-4513-B083-FB80F6CE1B3A}
	EndGlobalSection
EndGlobal
